
Microsoft Visual Studio Solution File, Format Version 12.00
# Visual Studio 15
VisualStudioVersion = 15.0.28010.2041
MinimumVisualStudioVersion = 10.0.40219.1
Project("{FAE04EC0-301F-11D3-BF4B-00C04F79EFBC}") = "DeepCopy", "DeepCopy\DeepCopy.csproj", "{103852F1-E705-43D8-BAF0-672B6627F0FF}"
EndProject
Global
	GlobalSection(SolutionConfigurationPlatforms) = preSolution
		Debug|Any CPU = Debug|Any CPU
		Release|Any CPU = Release|Any CPU
	EndGlobalSection
	GlobalSection(ProjectConfigurationPlatforms) = postSolution
		{103852F1-E705-43D8-BAF0-672B6627F0FF}.Debug|Any CPU.ActiveCfg = Debug|Any CPU
		{103852F1-E705-43D8-BAF0-672B6627F0FF}.Debug|Any CPU.Build.0 = Debug|Any CPU
		{103852F1-E705-43D8-BAF0-672B6627F0FF}.Release|Any CPU.ActiveCfg = Release|Any CPU
		{103852F1-E705-43D8-BAF0-672B6627F0FF}.Release|Any CPU.Build.0 = Release|Any CPU
	EndGlobalSection
	GlobalSection(SolutionProperties) = preSolution
		HideSolutionNode = FALSE
	EndGlobalSection
	GlobalSection(ExtensibilityGlobals) = postSolution
		SolutionGuid = {F7FA0B69-31D4-44D9-802B-929BB4C198F1}
	EndGlobalSection
EndGlobal
